
Microsoft Visual Studio Solution File, Format Version 12.00
# Visual Studio 15
VisualStudioVersion = 15.0.27703.2042
MinimumVisualStudioVersion = 10.0.40219.1
Project("{FAE04EC0-301F-11D3-BF4B-00C04F79EFBC}") = "DistinctQueueProcessor", "DistinctQueueProcessor\DistinctQueueProcessor.csproj", "{149D2FCD-2E47-44E2-A4D3-2876E40277BB}"
EndProject
Project("{FAE04EC0-301F-11D3-BF4B-00C04F79EFBC}") = "DQPTest", "DQPTest\DQPTest.csproj", "{838AC03B-2C93-48DD-B9D7-862D78040C7E}"
EndProject
Global
	GlobalSection(SolutionConfigurationPlatforms) = preSolution
		Debug|Any CPU = Debug|Any CPU
		Release|Any CPU = Release|Any CPU
	EndGlobalSection
	GlobalSection(ProjectConfigurationPlatforms) = postSolution
		{149D2FCD-2E47-44E2-A4D3-2876E40277BB}.Debug|Any CPU.ActiveCfg = Debug|Any CPU
		{149D2FCD-2E47-44E2-A4D3-2876E40277BB}.Debug|Any CPU.Build.0 = Debug|Any CPU
		{149D2FCD-2E47-44E2-A4D3-2876E40277BB}.Release|Any CPU.ActiveCfg = Release|Any CPU
		{149D2FCD-2E47-44E2-A4D3-2876E40277BB}.Release|Any CPU.Build.0 = Release|Any CPU
		{838AC03B-2C93-48DD-B9D7-862D78040C7E}.Debug|Any CPU.ActiveCfg = Debug|Any CPU
		{838AC03B-2C93-48DD-B9D7-862D78040C7E}.Debug|Any CPU.Build.0 = Debug|Any CPU
		{838AC03B-2C93-48DD-B9D7-862D78040C7E}.Release|Any CPU.ActiveCfg = Release|Any CPU
		{838AC03B-2C93-48DD-B9D7-862D78040C7E}.Release|Any CPU.Build.0 = Release|Any CPU
	EndGlobalSection
	GlobalSection(SolutionProperties) = preSolution
		HideSolutionNode = FALSE
	EndGlobalSection
	GlobalSection(ExtensibilityGlobals) = postSolution
		SolutionGuid = {2B228CA1-B819-427E-80D2-284EE06528E7}
	EndGlobalSection
EndGlobal
